// !$*UTF8*$!
{
	archiveVersion = 1;
	classes = {
	};
	objectVersion = 46;
	objects = {

/* Begin PBXBuildFile section */
		AB07A358199180860093EF49 /* splash_01@2x.png in Resources */ = {isa = PBXBuildFile; fileRef = AB07A357199180860093EF49 /* splash_01@2x.png */; };
		AB07A35A1991814B0093EF49 /* splash_01@R4.png in Resources */ = {isa = PBXBuildFile; fileRef = AB07A3591991814B0093EF49 /* splash_01@R4.png */; };
		AB07A35D1992DC5D0093EF49 /* AddToDoItemViewController.m in Sources */ = {isa = PBXBuildFile; fileRef = AB07A35C1992DC5D0093EF49 /* AddToDoItemViewController.m */; };
		AB07A3601992EA5E0093EF49 /* ToDoListTableViewController.m in Sources */ = {isa = PBXBuildFile; fileRef = AB07A35F1992EA5E0093EF49 /* ToDoListTableViewController.m */; };
		AB27388E19903D0A0054C5AB /* AppDelegate.swift in Sources */ = {isa = PBXBuildFile; fileRef = AB27388D19903D0A0054C5AB /* AppDelegate.swift */; };
		AB27389019903D0A0054C5AB /* ViewController.swift in Sources */ = {isa = PBXBuildFile; fileRef = AB27388F19903D0A0054C5AB /* ViewController.swift */; };
		AB27389319903D0A0054C5AB /* Main.storyboard in Resources */ = {isa = PBXBuildFile; fileRef = AB27389119903D0A0054C5AB /* Main.storyboard */; };
		AB27389519903D0A0054C5AB /* Images.xcassets in Resources */ = {isa = PBXBuildFile; fileRef = AB27389419903D0A0054C5AB /* Images.xcassets */; };
		AB2738A119903D0B0054C5AB /* Kings_AppTests.swift in Sources */ = {isa = PBXBuildFile; fileRef = AB2738A019903D0B0054C5AB /* Kings_AppTests.swift */; };
/* End PBXBuildFile section */

/* Begin PBXContainerItemProxy section */
		AB27389B19903D0B0054C5AB /* PBXContainerItemProxy */ = {
			isa = PBXContainerItemProxy;
			containerPortal = AB27388019903D0A0054C5AB /* Project object */;
			proxyType = 1;
			remoteGlobalIDString = AB27388719903D0A0054C5AB;
			remoteInfo = "Kings App";
		};
/* End PBXContainerItemProxy section */

/* Begin PBXFileReference section */
		AB07A357199180860093EF49 /* splash_01@2x.png */ = {isa = PBXFileReference; lastKnownFileType = image.png; path = "splash_01@2x.png"; sourceTree = "<group>"; };
		AB07A3591991814B0093EF49 /* splash_01@R4.png */ = {isa = PBXFileReference; lastKnownFileType = image.png; path = "splash_01@R4.png"; sourceTree = "<group>"; };
		AB07A35B1992DC5D0093EF49 /* AddToDoItemViewController.h */ = {isa = PBXFileReference; fileEncoding = 4; lastKnownFileType = sourcecode.c.h; path = AddToDoItemViewController.h; sourceTree = "<group>"; };
		AB07A35C1992DC5D0093EF49 /* AddToDoItemViewController.m */ = {isa = PBXFileReference; fileEncoding = 4; lastKnownFileType = sourcecode.c.objc; path = AddToDoItemViewController.m; sourceTree = "<group>"; };
		AB07A35E1992EA5E0093EF49 /* ToDoListTableViewController.h */ = {isa = PBXFileReference; fileEncoding = 4; lastKnownFileType = sourcecode.c.h; path = ToDoListTableViewController.h; sourceTree = "<group>"; };
		AB07A35F1992EA5E0093EF49 /* ToDoListTableViewController.m */ = {isa = PBXFileReference; fileEncoding = 4; lastKnownFileType = sourcecode.c.objc; path = ToDoListTableViewController.m; sourceTree = "<group>"; };
		AB27388819903D0A0054C5AB /* Kings App.app */ = {isa = PBXFileReference; explicitFileType = wrapper.application; includeInIndex = 0; path = "Kings App.app"; sourceTree = BUILT_PRODUCTS_DIR; };
		AB27388C19903D0A0054C5AB /* Info.plist */ = {isa = PBXFileReference; lastKnownFileType = text.plist.xml; path = Info.plist; sourceTree = "<group>"; };
		AB27388D19903D0A0054C5AB /* AppDelegate.swift */ = {isa = PBXFileReference; lastKnownFileType = sourcecode.swift; path = AppDelegate.swift; sourceTree = "<group>"; };
		AB27388F19903D0A0054C5AB /* ViewController.swift */ = {isa = PBXFileReference; lastKnownFileType = sourcecode.swift; path = ViewController.swift; sourceTree = "<group>"; };
		AB27389219903D0A0054C5AB /* Base */ = {isa = PBXFileReference; lastKnownFileType = file.storyboard; name = Base; path = Base.lproj/Main.storyboard; sourceTree = "<group>"; };
		AB27389419903D0A0054C5AB /* Images.xcassets */ = {isa = PBXFileReference; lastKnownFileType = folder.assetcatalog; path = Images.xcassets; sourceTree = "<group>"; };
		AB27389A19903D0B0054C5AB /* Kings AppTests.xctest */ = {isa = PBXFileReference; explicitFileType = wrapper.cfbundle; includeInIndex = 0; path = "Kings AppTests.xctest"; sourceTree = BUILT_PRODUCTS_DIR; };
		AB27389F19903D0B0054C5AB /* Info.plist */ = {isa = PBXFileReference; lastKnownFileType = text.plist.xml; path = Info.plist; sourceTree = "<group>"; };
		AB2738A019903D0B0054C5AB /* Kings_AppTests.swift */ = {isa = PBXFileReference; lastKnownFileType = sourcecode.swift; path = Kings_AppTests.swift; sourceTree = "<group>"; };
		AB2738AA19903DB70054C5AB /* Kings App-Bridging-Header.h */ = {isa = PBXFileReference; lastKnownFileType = sourcecode.c.h; path = "Kings App-Bridging-Header.h"; sourceTree = "<group>"; };
/* End PBXFileReference section */

/* Begin PBXFrameworksBuildPhase section */
		AB27388519903D0A0054C5AB /* Frameworks */ = {
			isa = PBXFrameworksBuildPhase;
			buildActionMask = 2147483647;
			files = (
			);
			runOnlyForDeploymentPostprocessing = 0;
		};
		AB27389719903D0B0054C5AB /* Frameworks */ = {
			isa = PBXFrameworksBuildPhase;
			buildActionMask = 2147483647;
			files = (
			);
			runOnlyForDeploymentPostprocessing = 0;
		};
/* End PBXFrameworksBuildPhase section */

/* Begin PBXGroup section */
		AB27387F19903D0A0054C5AB = {
			isa = PBXGroup;
			children = (
				AB27388A19903D0A0054C5AB /* Kings App */,
				AB27389D19903D0B0054C5AB /* Kings AppTests */,
				AB27388919903D0A0054C5AB /* Products */,
			);
			sourceTree = "<group>";
		};
		AB27388919903D0A0054C5AB /* Products */ = {
			isa = PBXGroup;
			children = (
				AB27388819903D0A0054C5AB /* Kings App.app */,
				AB27389A19903D0B0054C5AB /* Kings AppTests.xctest */,
			);
			name = Products;
			sourceTree = "<group>";
		};
		AB27388A19903D0A0054C5AB /* Kings App */ = {
			isa = PBXGroup;
			children = (
				AB27388D19903D0A0054C5AB /* AppDelegate.swift */,
				AB27388F19903D0A0054C5AB /* ViewController.swift */,
				AB27389119903D0A0054C5AB /* Main.storyboard */,
				AB07A35E1992EA5E0093EF49 /* ToDoListTableViewController.h */,
				AB07A35F1992EA5E0093EF49 /* ToDoListTableViewController.m */,
				AB07A35B1992DC5D0093EF49 /* AddToDoItemViewController.h */,
				AB07A35C1992DC5D0093EF49 /* AddToDoItemViewController.m */,
				AB27389419903D0A0054C5AB /* Images.xcassets */,
				AB27388B19903D0A0054C5AB /* Supporting Files */,
				AB2738AA19903DB70054C5AB /* Kings App-Bridging-Header.h */,
			);
			path = "Kings App";
			sourceTree = "<group>";
		};
		AB27388B19903D0A0054C5AB /* Supporting Files */ = {
			isa = PBXGroup;
			children = (
				AB07A3591991814B0093EF49 /* splash_01@R4.png */,
				AB07A357199180860093EF49 /* splash_01@2x.png */,
				AB27388C19903D0A0054C5AB /* Info.plist */,
			);
			name = "Supporting Files";
			sourceTree = "<group>";
		};
		AB27389D19903D0B0054C5AB /* Kings AppTests */ = {
			isa = PBXGroup;
			children = (
				AB2738A019903D0B0054C5AB /* Kings_AppTests.swift */,
				AB27389E19903D0B0054C5AB /* Supporting Files */,
			);
			path = "Kings AppTests";
			sourceTree = "<group>";
		};
		AB27389E19903D0B0054C5AB /* Supporting Files */ = {
			isa = PBXGroup;
			children = (
				AB27389F19903D0B0054C5AB /* Info.plist */,
			);
			name = "Supporting Files";
			sourceTree = "<group>";
		};
/* End PBXGroup section */

/* Begin PBXNativeTarget section */
		AB27388719903D0A0054C5AB /* Kings App */ = {
			isa = PBXNativeTarget;
			buildConfigurationList = AB2738A419903D0B0054C5AB /* Build configuration list for PBXNativeTarget "Kings App" */;
			buildPhases = (
				AB27388419903D0A0054C5AB /* Sources */,
				AB27388519903D0A0054C5AB /* Frameworks */,
				AB27388619903D0A0054C5AB /* Resources */,
			);
			buildRules = (
			);
			dependencies = (
			);
			name = "Kings App";
			productName = "Kings App";
			productReference = AB27388819903D0A0054C5AB /* Kings App.app */;
			productType = "com.apple.product-type.application";
		};
		AB27389919903D0B0054C5AB /* Kings AppTests */ = {
			isa = PBXNativeTarget;
			buildConfigurationList = AB2738A719903D0B0054C5AB /* Build configuration list for PBXNativeTarget "Kings AppTests" */;
			buildPhases = (
				AB27389619903D0B0054C5AB /* Sources */,
				AB27389719903D0B0054C5AB /* Frameworks */,
				AB27389819903D0B0054C5AB /* Resources */,
			);
			buildRules = (
			);
			dependencies = (
				AB27389C19903D0B0054C5AB /* PBXTargetDependency */,
			);
			name = "Kings AppTests";
			productName = "Kings AppTests";
			productReference = AB27389A19903D0B0054C5AB /* Kings AppTests.xctest */;
			productType = "com.apple.product-type.bundle.unit-test";
		};
/* End PBXNativeTarget section */

/* Begin PBXProject section */
		AB27388019903D0A0054C5AB /* Project object */ = {
			isa = PBXProject;
			attributes = {
				LastUpgradeCheck = 0600;
				ORGANIZATIONNAME = Training;
				TargetAttributes = {
					AB27388719903D0A0054C5AB = {
						CreatedOnToolsVersion = 6.0;
					};
					AB27389919903D0B0054C5AB = {
						CreatedOnToolsVersion = 6.0;
						TestTargetID = AB27388719903D0A0054C5AB;
					};
				};
			};
			buildConfigurationList = AB27388319903D0A0054C5AB /* Build configuration list for PBXProject "Kings App" */;
			compatibilityVersion = "Xcode 3.2";
			developmentRegion = English;
			hasScannedForEncodings = 0;
			knownRegions = (
				en,
				Base,
			);
			mainGroup = AB27387F19903D0A0054C5AB;
			productRefGroup = AB27388919903D0A0054C5AB /* Products */;
			projectDirPath = "";
			projectRoot = "";
			targets = (
				AB27388719903D0A0054C5AB /* Kings App */,
				AB27389919903D0B0054C5AB /* Kings AppTests */,
			);
		};
/* End PBXProject section */

/* Begin PBXResourcesBuildPhase section */
		AB27388619903D0A0054C5AB /* Resources */ = {
			isa = PBXResourcesBuildPhase;
			buildActionMask = 2147483647;
			files = (
				AB07A35A1991814B0093EF49 /* splash_01@R4.png in Resources */,
				AB27389319903D0A0054C5AB /* Main.storyboard in Resources */,
				AB07A358199180860093EF49 /* splash_01@2x.png in Resources */,
				AB27389519903D0A0054C5AB /* Images.xcassets in Resources */,
			);
			runOnlyForDeploymentPostprocessing = 0;
		};
		AB27389819903D0B0054C5AB /* Resources */ = {
			isa = PBXResourcesBuildPhase;
			buildActionMask = 2147483647;
			files = (
			);
			runOnlyForDeploymentPostprocessing = 0;
		};
/* End PBXResourcesBuildPhase section */

/* Begin PBXSourcesBuildPhase section */
		AB27388419903D0A0054C5AB /* Sources */ = {
			isa = PBXSourcesBuildPhase;
			buildActionMask = 2147483647;
			files = (
				AB27389019903D0A0054C5AB /* ViewController.swift in Sources */,
				AB07A3601992EA5E0093EF49 /* ToDoListTableViewController.m in Sources */,
				AB27388E19903D0A0054C5AB /* AppDelegate.swift in Sources */,
				AB07A35D1992DC5D0093EF49 /* AddToDoItemViewController.m in Sources */,
			);
			runOnlyForDeploymentPostprocessing = 0;
		};
		AB27389619903D0B0054C5AB /* Sources */ = {
			isa = PBXSourcesBuildPhase;
			buildActionMask = 2147483647;
			files = (
				AB2738A119903D0B0054C5AB /* Kings_AppTests.swift in Sources */,
			);
			runOnlyForDeploymentPostprocessing = 0;
		};
/* End PBXSourcesBuildPhase section */

/* Begin PBXTargetDependency section */
		AB27389C19903D0B0054C5AB /* PBXTargetDependency */ = {
			isa = PBXTargetDependency;
			target = AB27388719903D0A0054C5AB /* Kings App */;
			targetProxy = AB27389B19903D0B0054C5AB /* PBXContainerItemProxy */;
		};
/* End PBXTargetDependency section */

/* Begin PBXVariantGroup section */
		AB27389119903D0A0054C5AB /* Main.storyboard */ = {
			isa = PBXVariantGroup;
			children = (
				AB27389219903D0A0054C5AB /* Base */,
			);
			name = Main.storyboard;
			sourceTree = "<group>";
		};
/* End PBXVariantGroup section */

/* Begin XCBuildConfiguration section */
		AB2738A219903D0B0054C5AB /* Debug */ = {
			isa = XCBuildConfiguration;
			buildSettings = {
				ALWAYS_SEARCH_USER_PATHS = NO;
				CLANG_CXX_LANGUAGE_STANDARD = "gnu++0x";
				CLANG_CXX_LIBRARY = "libc++";
				CLANG_ENABLE_MODULES = YES;
				CLANG_ENABLE_OBJC_ARC = YES;
				CLANG_WARN_BOOL_CONVERSION = YES;
				CLANG_WARN_CONSTANT_CONVERSION = YES;
				CLANG_WARN_DIRECT_OBJC_ISA_USAGE = YES_ERROR;
				CLANG_WARN_EMPTY_BODY = YES;
				CLANG_WARN_ENUM_CONVERSION = YES;
				CLANG_WARN_INT_CONVERSION = YES;
				CLANG_WARN_OBJC_ROOT_CLASS = YES_ERROR;
				CLANG_WARN_UNREACHABLE_CODE = YES;
				CLANG_WARN__DUPLICATE_METHOD_MATCH = YES;
				"CODE_SIGN_IDENTITY[sdk=iphoneos*]" = "iPhone Developer";
				COPY_PHASE_STRIP = NO;
				ENABLE_STRICT_OBJC_MSGSEND = YES;
				GCC_C_LANGUAGE_STANDARD = gnu99;
				GCC_DYNAMIC_NO_PIC = NO;
				GCC_OPTIMIZATION_LEVEL = 0;
				GCC_PREPROCESSOR_DEFINITIONS = (
					"DEBUG=1",
					"$(inherited)",
				);
				GCC_SYMBOLS_PRIVATE_EXTERN = NO;
				GCC_WARN_64_TO_32_BIT_CONVERSION = YES;
				GCC_WARN_ABOUT_RETURN_TYPE = YES_ERROR;
				GCC_WARN_UNDECLARED_SELECTOR = YES;
				GCC_WARN_UNINITIALIZED_AUTOS = YES_AGGRESSIVE;
				GCC_WARN_UNUSED_FUNCTION = YES;
				GCC_WARN_UNUSED_VARIABLE = YES;
				IPHONEOS_DEPLOYMENT_TARGET = 8.0;
				MTL_ENABLE_DEBUG_INFO = YES;
				ONLY_ACTIVE_ARCH = YES;
				SDKROOT = iphoneos;
				SWIFT_OPTIMIZATION_LEVEL = "-Onone";
			};
			name = Debug;
		};
		AB2738A319903D0B0054C5AB /* Release */ = {
			isa = XCBuildConfiguration;
			buildSettings = {
				ALWAYS_SEARCH_USER_PATHS = NO;
				CLANG_CXX_LANGUAGE_STANDARD = "gnu++0x";
				CLANG_CXX_LIBRARY = "libc++";
				CLANG_ENABLE_MODULES = YES;
				CLANG_ENABLE_OBJC_ARC = YES;
				CLANG_WARN_BOOL_CONVERSION = YES;
				CLANG_WARN_CONSTANT_CONVERSION = YES;
				CLANG_WARN_DIRECT_OBJC_ISA_USAGE = YES_ERROR;
				CLANG_WARN_EMPTY_BODY = YES;
				CLANG_WARN_ENUM_CONVERSION = YES;
				CLANG_WARN_INT_CONVERSION = YES;
				CLANG_WARN_OBJC_ROOT_CLASS = YES_ERROR;
				CLANG_WARN_UNREACHABLE_CODE = YES;
				CLANG_WARN__DUPLICATE_METHOD_MATCH = YES;
				"CODE_SIGN_IDENTITY[sdk=iphoneos*]" = "iPhone Developer";
				COPY_PHASE_STRIP = YES;
				ENABLE_NS_ASSERTIONS = NO;
				ENABLE_STRICT_OBJC_MSGSEND = YES;
				GCC_C_LANGUAGE_STANDARD = gnu99;
				GCC_WARN_64_TO_32_BIT_CONVERSION = YES;
				GCC_WARN_ABOUT_RETURN_TYPE = YES_ERROR;
				GCC_WARN_UNDECLARED_SELECTOR = YES;
				GCC_WARN_UNINITIALIZED_AUTOS = YES_AGGRESSIVE;
				GCC_WARN_UNUSED_FUNCTION = YES;
				GCC_WARN_UNUSED_VARIABLE = YES;
				IPHONEOS_DEPLOYMENT_TARGET = 8.0;
				MTL_ENABLE_DEBUG_INFO = NO;
				SDKROOT = iphoneos;
				VALIDATE_PRODUCT = YES;
			};
			name = Release;
		};
		AB2738A519903D0B0054C5AB /* Debug */ = {
			isa = XCBuildConfiguration;
			buildSettings = {
				ASSETCATALOG_COMPILER_APPICON_NAME = AppIcon;
				ASSETCATALOG_COMPILER_LAUNCHIMAGE_NAME = LaunchImage;
				CLANG_ENABLE_MODULES = YES;
				INFOPLIST_FILE = "Kings App/Info.plist";
				LD_RUNPATH_SEARCH_PATHS = "$(inherited) @executable_path/Frameworks";
				PRODUCT_NAME = "$(TARGET_NAME)";
				SWIFT_OBJC_BRIDGING_HEADER = "Kings App/Kings App-Bridging-Header.h";
				SWIFT_OPTIMIZATION_LEVEL = "-Onone";
			};
			name = Debug;
		};
		AB2738A619903D0B0054C5AB /* Release */ = {
			isa = XCBuildConfiguration;
			buildSettings = {
				ASSETCATALOG_COMPILER_APPICON_NAME = AppIcon;
				ASSETCATALOG_COMPILER_LAUNCHIMAGE_NAME = LaunchImage;
				CLANG_ENABLE_MODULES = YES;
				INFOPLIST_FILE = "Kings App/Info.plist";
				LD_RUNPATH_SEARCH_PATHS = "$(inherited) @executable_path/Frameworks";
				PRODUCT_NAME = "$(TARGET_NAME)";
				SWIFT_OBJC_BRIDGING_HEADER = "Kings App/Kings App-Bridging-Header.h";
			};
			name = Release;
		};
		AB2738A819903D0B0054C5AB /* Debug */ = {
			isa = XCBuildConfiguration;
			buildSettings = {
				BUNDLE_LOADER = "$(BUILT_PRODUCTS_DIR)/Kings App.app/Kings App";
				FRAMEWORK_SEARCH_PATHS = (
					"$(SDKROOT)/Developer/Library/Frameworks",
					"$(inherited)",
				);
				GCC_PREPROCESSOR_DEFINITIONS = (
					"DEBUG=1",
					"$(inherited)",
				);
				INFOPLIST_FILE = "Kings AppTests/Info.plist";
				LD_RUNPATH_SEARCH_PATHS = "$(inherited) @executable_path/Frameworks @loader_path/Frameworks";
				PRODUCT_NAME = "$(TARGET_NAME)";
				TEST_HOST = "$(BUNDLE_LOADER)";
			};
			name = Debug;
		};
		AB2738A919903D0B0054C5AB /* Release */ = {
			isa = XCBuildConfiguration;
			buildSettings = {
				BUNDLE_LOADER = "$(BUILT_PRODUCTS_DIR)/Kings App.app/Kings App";
				FRAMEWORK_SEARCH_PATHS = (
					"$(SDKROOT)/Developer/Library/Frameworks",
					"$(inherited)",
				);
				INFOPLIST_FILE = "Kings AppTests/Info.plist";
				LD_RUNPATH_SEARCH_PATHS = "$(inherited) @executable_path/Frameworks @loader_path/Frameworks";
				PRODUCT_NAME = "$(TARGET_NAME)";
				TEST_HOST = "$(BUNDLE_LOADER)";
			};
			name = Release;
		};
/* End XCBuildConfiguration section */

/* Begin XCConfigurationList section */
		AB27388319903D0A0054C5AB /* Build configuration list for PBXProject "Kings App" */ = {
			isa = XCConfigurationList;
			buildConfigurations = (
				AB2738A219903D0B0054C5AB /* Debug */,
				AB2738A319903D0B0054C5AB /* Release */,
			);
			defaultConfigurationIsVisible = 0;
			defaultConfigurationName = Release;
		};
		AB2738A419903D0B0054C5AB /* Build configuration list for PBXNativeTarget "Kings App" */ = {
			isa = XCConfigurationList;
			buildConfigurations = (
				AB2738A519903D0B0054C5AB /* Debug */,
				AB2738A619903D0B0054C5AB /* Release */,
			);
			defaultConfigurationIsVisible = 0;
			defaultConfigurationName = Release;
		};
		AB2738A719903D0B0054C5AB /* Build configuration list for PBXNativeTarget "Kings AppTests" */ = {
			isa = XCConfigurationList;
			buildConfigurations = (
				AB2738A819903D0B0054C5AB /* Debug */,
				AB2738A919903D0B0054C5AB /* Release */,
			);
			defaultConfigurationIsVisible = 0;
			defaultConfigurationName = Release;
		};
/* End XCConfigurationList section */
	};
	rootObject = AB27388019903D0A0054C5AB /* Project object */;
}
